{
  "nodes": {
    "flake-schemas": {
      "locked": {
        "lastModified": 1697467827,
        "narHash": "sha256-j8SR19V1SRysyJwpOBF4TLuAvAjF5t+gMiboN4gYQDU=",
        "rev": "764932025c817d4e500a8d2a4d8c565563923d29",
        "revCount": 29,
        "type": "tarball",
        "url": "https://api.flakehub.com/f/pinned/DeterminateSystems/flake-schemas/0.1.2/018b3da8-4cc3-7fbb-8ff7-1588413c53e2/source.tar.gz"
      },
      "original": {
        "type": "tarball",
        "url": "https://flakehub.com/f/DeterminateSystems/flake-schemas/*.tar.gz"
      }
    },
    "nixpkgs": {
      "locked": {
        "lastModified": 1698942558,
        "narHash": "sha256-/UmnB+mEd6Eg3mJBrAgqRcyZX//RSjHphcCO7Ig9Bpk=",
        "rev": "621f51253edffa1d6f08d5fce4f08614c852d17e",
        "revCount": 492069,
        "type": "tarball",
        "url": "https://api.flakehub.com/f/pinned/NixOS/nixpkgs/0.2305.492069+rev-621f51253edffa1d6f08d5fce4f08614c852d17e/018b9714-e62c-710e-98df-31e33982dabc/source.tar.gz"
      },
      "original": {
        "type": "tarball",
        "url": "https://flakehub.com/f/NixOS/nixpkgs/*.tar.gz"
      }
    },
    "root": {
      "inputs": {
        "flake-schemas": "flake-schemas",
        "nixpkgs": "nixpkgs"
      }
    }
  },
  "root": "root",
  "version": 7
}
